
Microsoft Visual Studio Solution File, Format Version 12.00
# Visual Studio Version 17
VisualStudioVersion = 17.7.34024.191
MinimumVisualStudioVersion = 10.0.40219.1
Project("{FAE04EC0-301F-11D3-BF4B-00C04F79EFBC}") = "task1_Algorithm1", "task1_Algorithm1\task1_Algorithm1.csproj", "{07A92840-1383-4BFE-A8CE-5BEED6E77AE9}"
EndProject
Global
	GlobalSection(SolutionConfigurationPlatforms) = preSolution
		Debug|Any CPU = Debug|Any CPU
		Release|Any CPU = Release|Any CPU
	EndGlobalSection
	GlobalSection(ProjectConfigurationPlatforms) = postSolution
		{07A92840-1383-4BFE-A8CE-5BEED6E77AE9}.Debug|Any CPU.ActiveCfg = Debug|Any CPU
		{07A92840-1383-4BFE-A8CE-5BEED6E77AE9}.Debug|Any CPU.Build.0 = Debug|Any CPU
		{07A92840-1383-4BFE-A8CE-5BEED6E77AE9}.Release|Any CPU.ActiveCfg = Release|Any CPU
		{07A92840-1383-4BFE-A8CE-5BEED6E77AE9}.Release|Any CPU.Build.0 = Release|Any CPU
	EndGlobalSection
	GlobalSection(SolutionProperties) = preSolution
		HideSolutionNode = FALSE
	EndGlobalSection
	GlobalSection(ExtensibilityGlobals) = postSolution
		SolutionGuid = {BF8B6091-82CD-454D-A264-4F52E295B108}
	EndGlobalSection
EndGlobal
