
Microsoft Visual Studio Solution File, Format Version 12.00
# Visual Studio Version 17
VisualStudioVersion = 17.7.34024.191
MinimumVisualStudioVersion = 10.0.40219.1
Project("{FAE04EC0-301F-11D3-BF4B-00C04F79EFBC}") = "CSharp_algorithmization_task1_Algorithm5", "CSharp_algorithmization_task1_Algorithm5\CSharp_algorithmization_task1_Algorithm5.csproj", "{86C2ED27-215F-4FA7-A3E9-BD27ED6F5776}"
EndProject
Global
	GlobalSection(SolutionConfigurationPlatforms) = preSolution
		Debug|Any CPU = Debug|Any CPU
		Release|Any CPU = Release|Any CPU
	EndGlobalSection
	GlobalSection(ProjectConfigurationPlatforms) = postSolution
		{86C2ED27-215F-4FA7-A3E9-BD27ED6F5776}.Debug|Any CPU.ActiveCfg = Debug|Any CPU
		{86C2ED27-215F-4FA7-A3E9-BD27ED6F5776}.Debug|Any CPU.Build.0 = Debug|Any CPU
		{86C2ED27-215F-4FA7-A3E9-BD27ED6F5776}.Release|Any CPU.ActiveCfg = Release|Any CPU
		{86C2ED27-215F-4FA7-A3E9-BD27ED6F5776}.Release|Any CPU.Build.0 = Release|Any CPU
	EndGlobalSection
	GlobalSection(SolutionProperties) = preSolution
		HideSolutionNode = FALSE
	EndGlobalSection
	GlobalSection(ExtensibilityGlobals) = postSolution
		SolutionGuid = {95E7614B-B766-4CD1-9CD4-E9BE5D087DA2}
	EndGlobalSection
EndGlobal
